
Microsoft Visual Studio Solution File, Format Version 12.00
# Visual Studio Version 16
VisualStudioVersion = 16.0.31205.134
MinimumVisualStudioVersion = 10.0.40219.1
Project("{FAE04EC0-301F-11D3-BF4B-00C04F79EFBC}") = "v0513", "v0513\v0513.csproj", "{B088E177-688D-4AA1-B2E0-41F403670D1A}"
EndProject
Global
	GlobalSection(SolutionConfigurationPlatforms) = preSolution
		Debug|Any CPU = Debug|Any CPU
		Release|Any CPU = Release|Any CPU
	EndGlobalSection
	GlobalSection(ProjectConfigurationPlatforms) = postSolution
		{B088E177-688D-4AA1-B2E0-41F403670D1A}.Debug|Any CPU.ActiveCfg = Debug|Any CPU
		{B088E177-688D-4AA1-B2E0-41F403670D1A}.Debug|Any CPU.Build.0 = Debug|Any CPU
		{B088E177-688D-4AA1-B2E0-41F403670D1A}.Release|Any CPU.ActiveCfg = Release|Any CPU
		{B088E177-688D-4AA1-B2E0-41F403670D1A}.Release|Any CPU.Build.0 = Release|Any CPU
	EndGlobalSection
	GlobalSection(SolutionProperties) = preSolution
		HideSolutionNode = FALSE
	EndGlobalSection
	GlobalSection(ExtensibilityGlobals) = postSolution
		SolutionGuid = {19FE55B0-1A0F-4F42-B15C-005D747FEB48}
	EndGlobalSection
EndGlobal
